
Microsoft Visual Studio Solution File, Format Version 12.00
# Visual Studio Version 17
VisualStudioVersion = 17.0.31903.59
MinimumVisualStudioVersion = 10.0.40219.1
Project("{2150E333-8FDC-42A3-9474-1A3956D46DE8}") = "src", "src", "{C1A37168-D637-4EF3-868A-B602615B618C}"
EndProject
Project("{2150E333-8FDC-42A3-9474-1A3956D46DE8}") = "Shared.Contracts", "Shared.Contracts", "{4AECE3C0-FAC1-4FD0-85EE-1C577DEE9161}"
EndProject
Project("{9A19103F-16F7-4668-BE54-9A1E7A4F7556}") = "Shared.Contracts", "src\Shared.Contracts\Shared.Contracts\Shared.Contracts.csproj", "{35013DF3-E793-4AAA-99C1-104446E1398F}"
EndProject
Project("{2150E333-8FDC-42A3-9474-1A3956D46DE8}") = "EventService", "EventService", "{94A59E2C-110F-47A0-8521-231BAA0F651B}"
EndProject
Project("{9A19103F-16F7-4668-BE54-9A1E7A4F7556}") = "EventService.Domain", "src\EventService\EventService.Domain\EventService.Domain.csproj", "{8A5DD699-6F49-4127-82D9-27C150CA5DAD}"
EndProject
Project("{9A19103F-16F7-4668-BE54-9A1E7A4F7556}") = "EventService.Application", "src\EventService\EventService.Application\EventService.Application.csproj", "{36B4F3D0-1D06-444D-B021-B86937834FB1}"
EndProject
Project("{9A19103F-16F7-4668-BE54-9A1E7A4F7556}") = "EventService.Infrastructure", "src\EventService\EventService.Infrastructure\EventService.Infrastructure.csproj", "{5502866C-830D-4F7C-8235-6CB15E0ABF91}"
EndProject
Project("{9A19103F-16F7-4668-BE54-9A1E7A4F7556}") = "EventService.API", "src\EventService\EventService.API\EventService.API.csproj", "{7004004C-6B1B-4839-983D-ED78F9A5EFB0}"
EndProject
Project("{2150E333-8FDC-42A3-9474-1A3956D46DE8}") = "UserService", "UserService", "{01315C47-9491-4E88-91C5-5A6D2D1D9AC8}"
EndProject
Project("{9A19103F-16F7-4668-BE54-9A1E7A4F7556}") = "UserService.Domain", "src\UserService\UserService.Domain\UserService.Domain.csproj", "{088D65AF-B576-4F8E-98BF-8F7CFF0B4140}"
EndProject
Project("{9A19103F-16F7-4668-BE54-9A1E7A4F7556}") = "UserService.Application", "src\UserService\UserService.Application\UserService.Application.csproj", "{ED59EE71-3DF1-4B36-BAA7-DF90F28BEAB5}"
EndProject
Project("{9A19103F-16F7-4668-BE54-9A1E7A4F7556}") = "UserService.Infrastructure", "src\UserService\UserService.Infrastructure\UserService.Infrastructure.csproj", "{F997D830-E599-4D9E-9258-DDEA966CCD61}"
EndProject
Project("{9A19103F-16F7-4668-BE54-9A1E7A4F7556}") = "UserService.API", "src\UserService\UserService.API\UserService.API.csproj", "{4D1F10B8-7258-402D-912E-1BD8B4F94DCE}"
EndProject
Project("{2150E333-8FDC-42A3-9474-1A3956D46DE8}") = "TicketService", "TicketService", "{5F8AAB97-0BC8-48C3-B725-04B70FB097FF}"
EndProject
Project("{9A19103F-16F7-4668-BE54-9A1E7A4F7556}") = "TicketService.Domain", "src\TicketService\TicketService.Domain\TicketService.Domain.csproj", "{9BD40C56-3CED-4AF9-91CB-377AF7A07958}"
EndProject
Project("{9A19103F-16F7-4668-BE54-9A1E7A4F7556}") = "TicketService.Application", "src\TicketService\TicketService.Application\TicketService.Application.csproj", "{CC7DB631-B0A5-4966-91A7-7BEAD8499D56}"
EndProject
Project("{9A19103F-16F7-4668-BE54-9A1E7A4F7556}") = "TicketService.Infrastructure", "src\TicketService\TicketService.Infrastructure\TicketService.Infrastructure.csproj", "{8CD9033C-C3D7-47BD-ADE0-D64B58342BED}"
EndProject
Project("{9A19103F-16F7-4668-BE54-9A1E7A4F7556}") = "TicketService.API", "src\TicketService\TicketService.API\TicketService.API.csproj", "{BE54451C-8EF2-46A8-BD70-F6C042F1D8AA}"
EndProject
Project("{2150E333-8FDC-42A3-9474-1A3956D46DE8}") = "NotificationService", "NotificationService", "{BC483D78-CFF8-4CDF-8316-B42C0A31D429}"
EndProject
Project("{9A19103F-16F7-4668-BE54-9A1E7A4F7556}") = "NotificationService.Domain", "src\NotificationService\NotificationService.Domain\NotificationService.Domain.csproj", "{FBD25163-E399-4FD8-8B7F-8DC61F870433}"
EndProject
Project("{9A19103F-16F7-4668-BE54-9A1E7A4F7556}") = "NotificationService.Application", "src\NotificationService\NotificationService.Application\NotificationService.Application.csproj", "{4B481693-4167-41B1-BDC3-A5E9853E7C49}"
EndProject
Project("{9A19103F-16F7-4668-BE54-9A1E7A4F7556}") = "NotificationService.Infrastructure", "src\NotificationService\NotificationService.Infrastructure\NotificationService.Infrastructure.csproj", "{B03CE385-5B74-43BD-8FED-03F52DCCA345}"
EndProject
Project("{9A19103F-16F7-4668-BE54-9A1E7A4F7556}") = "NotificationService.API", "src\NotificationService\NotificationService.API\NotificationService.API.csproj", "{B2F1C83E-473A-46C4-A7E5-8EF56BF559AA}"
EndProject
Project("{2150E333-8FDC-42A3-9474-1A3956D46DE8}") = "ApiGateway", "ApiGateway", "{5EA1048C-0A5C-43BD-94B2-328AB6300745}"
EndProject
Project("{9A19103F-16F7-4668-BE54-9A1E7A4F7556}") = "ApiGateway", "src\ApiGateway\ApiGateway\ApiGateway.csproj", "{04AE522A-F041-4CF9-9877-492A3AC77A67}"
EndProject
Project("{2150E333-8FDC-42A3-9474-1A3956D46DE8}") = "LocationService", "LocationService", "{A9BCC407-97CC-4FAC-8F23-91BA6C1FAA98}"
EndProject
Project("{9A19103F-16F7-4668-BE54-9A1E7A4F7556}") = "LocationService.Application", "src\LocationService\LocationService.Application\LocationService.Application.csproj", "{501EE837-4D9E-4A5D-9B11-149169B0A978}"
EndProject
Project("{9A19103F-16F7-4668-BE54-9A1E7A4F7556}") = "LocationService.Domain", "src\LocationService\LocationService.Domain\LocationService.Domain.csproj", "{BF217A29-318F-4A40-9DF7-F8FC532FB101}"
EndProject
Project("{9A19103F-16F7-4668-BE54-9A1E7A4F7556}") = "LocationService.Infrastructure", "src\LocationService\LocationService.Infrastructure\LocationService.Infrastructure.csproj", "{1E63F2CD-F33F-401E-8940-2A0A9BE9254C}"
EndProject
Project("{9A19103F-16F7-4668-BE54-9A1E7A4F7556}") = "LocationService.API", "src\LocationService\LocationService.API\LocationService.API.csproj", "{EA787D03-72D1-4B16-B6EC-7E4C5591D5F7}"
EndProject
Project("{2150E333-8FDC-42A3-9474-1A3956D46DE8}") = "MessageService", "MessageService", "{58F62FA2-38C2-4EE4-831C-A32F497F7B34}"
EndProject
Project("{9A19103F-16F7-4668-BE54-9A1E7A4F7556}") = "MessageService.Domain", "src\MessageService\MessageService.Domain\MessageService.Domain.csproj", "{32F008BB-4BE9-4514-B05D-9F2165EFEE2A}"
EndProject
Project("{9A19103F-16F7-4668-BE54-9A1E7A4F7556}") = "MessageService.Application", "src\MessageService\MessageService.Application\MessageService.Application.csproj", "{D7761A2B-C791-4208-88C5-60084EA87655}"
EndProject
Project("{9A19103F-16F7-4668-BE54-9A1E7A4F7556}") = "MessageService.Infrastructure", "src\MessageService\MessageService.Infrastructure\MessageService.Infrastructure.csproj", "{D4ECA924-44A9-4F5D-810F-FA2153B0529F}"
EndProject
Project("{9A19103F-16F7-4668-BE54-9A1E7A4F7556}") = "MessageService.API", "src\MessageService\MessageService.API\MessageService.API.csproj", "{A27344CC-6E04-4DCB-93A5-1C5B7848F0F2}"
EndProject
Project("{2150E333-8FDC-42A3-9474-1A3956D46DE8}") = "Tests", "Tests", "{9311214A-75D4-4CB6-A45D-A96069988473}"
EndProject
Project("{FAE04EC0-301F-11D3-BF4B-00C04F79EFBC}") = "UserService.IntegrationTests", "src\Tests\UserService.IntegrationTests\UserService.IntegrationTests.csproj", "{8E46A9A3-DF1C-4054-B009-3EB8998C0912}"
EndProject
Project("{FAE04EC0-301F-11D3-BF4B-00C04F79EFBC}") = "EventService.IntegrationTests", "src\Tests\EventService.IntegrationTests\EventService.IntegrationTests.csproj", "{BB601A91-5A05-48E4-BCFD-027316906A72}"
EndProject
Project("{FAE04EC0-301F-11D3-BF4B-00C04F79EFBC}") = "TicketService.IntegrationTests", "src\Tests\TicketService.IntegrationTests\TicketService.IntegrationTests.csproj", "{F2BE13C6-0863-4E2F-BFD1-AE6AFE4AA9A2}"
EndProject
Project("{FAE04EC0-301F-11D3-BF4B-00C04F79EFBC}") = "NotificationService.IntegrationTests", "src\Tests\NotificationService.IntegrationTests\NotificationService.IntegrationTests.csproj", "{2BFAB275-3CE9-4AA1-9984-9714874C95B4}"
EndProject
Project("{FAE04EC0-301F-11D3-BF4B-00C04F79EFBC}") = "LocationService.IntegrationTests", "src\Tests\LocationService.IntegrationTests\LocationService.IntegrationTests.csproj", "{3DA8DD75-8583-491A-B2D8-E2E7C2B9DDE1}"
EndProject
Project("{FAE04EC0-301F-11D3-BF4B-00C04F79EFBC}") = "MessageService.IntegrationTests", "src\Tests\MessageService.IntegrationTests\MessageService.IntegrationTests.csproj", "{D91552DF-1E28-4CE4-BCC9-713EA233DC7F}"
EndProject
Project("{FAE04EC0-301F-11D3-BF4B-00C04F79EFBC}") = "Security.Tests", "src\Tests\Security.Tests\Security.Tests.csproj", "{52EA42C4-B94E-4079-A071-9851D9F44B12}"
EndProject
Project("{FAE04EC0-301F-11D3-BF4B-00C04F79EFBC}") = "Gateway.IntegrationTests", "src\Tests\Gateway.IntegrationTests\Gateway.IntegrationTests.csproj", "{56386E1C-F3B4-412B-A67C-5B15FD936C75}"
EndProject
Global
	GlobalSection(SolutionConfigurationPlatforms) = preSolution
		Debug|Any CPU = Debug|Any CPU
		Release|Any CPU = Release|Any CPU
	EndGlobalSection
	GlobalSection(ProjectConfigurationPlatforms) = postSolution
		{35013DF3-E793-4AAA-99C1-104446E1398F}.Debug|Any CPU.ActiveCfg = Debug|Any CPU
		{35013DF3-E793-4AAA-99C1-104446E1398F}.Debug|Any CPU.Build.0 = Debug|Any CPU
		{35013DF3-E793-4AAA-99C1-104446E1398F}.Release|Any CPU.ActiveCfg = Release|Any CPU
		{35013DF3-E793-4AAA-99C1-104446E1398F}.Release|Any CPU.Build.0 = Release|Any CPU
		{8A5DD699-6F49-4127-82D9-27C150CA5DAD}.Debug|Any CPU.ActiveCfg = Debug|Any CPU
		{8A5DD699-6F49-4127-82D9-27C150CA5DAD}.Debug|Any CPU.Build.0 = Debug|Any CPU
		{8A5DD699-6F49-4127-82D9-27C150CA5DAD}.Release|Any CPU.ActiveCfg = Release|Any CPU
		{8A5DD699-6F49-4127-82D9-27C150CA5DAD}.Release|Any CPU.Build.0 = Release|Any CPU
		{36B4F3D0-1D06-444D-B021-B86937834FB1}.Debug|Any CPU.ActiveCfg = Debug|Any CPU
		{36B4F3D0-1D06-444D-B021-B86937834FB1}.Debug|Any CPU.Build.0 = Debug|Any CPU
		{36B4F3D0-1D06-444D-B021-B86937834FB1}.Release|Any CPU.ActiveCfg = Release|Any CPU
		{36B4F3D0-1D06-444D-B021-B86937834FB1}.Release|Any CPU.Build.0 = Release|Any CPU
		{5502866C-830D-4F7C-8235-6CB15E0ABF91}.Debug|Any CPU.ActiveCfg = Debug|Any CPU
		{5502866C-830D-4F7C-8235-6CB15E0ABF91}.Debug|Any CPU.Build.0 = Debug|Any CPU
		{5502866C-830D-4F7C-8235-6CB15E0ABF91}.Release|Any CPU.ActiveCfg = Release|Any CPU
		{5502866C-830D-4F7C-8235-6CB15E0ABF91}.Release|Any CPU.Build.0 = Release|Any CPU
		{7004004C-6B1B-4839-983D-ED78F9A5EFB0}.Debug|Any CPU.ActiveCfg = Debug|Any CPU
		{7004004C-6B1B-4839-983D-ED78F9A5EFB0}.Debug|Any CPU.Build.0 = Debug|Any CPU
		{7004004C-6B1B-4839-983D-ED78F9A5EFB0}.Release|Any CPU.ActiveCfg = Release|Any CPU
		{7004004C-6B1B-4839-983D-ED78F9A5EFB0}.Release|Any CPU.Build.0 = Release|Any CPU
		{088D65AF-B576-4F8E-98BF-8F7CFF0B4140}.Debug|Any CPU.ActiveCfg = Debug|Any CPU
		{088D65AF-B576-4F8E-98BF-8F7CFF0B4140}.Debug|Any CPU.Build.0 = Debug|Any CPU
		{088D65AF-B576-4F8E-98BF-8F7CFF0B4140}.Release|Any CPU.ActiveCfg = Release|Any CPU
		{088D65AF-B576-4F8E-98BF-8F7CFF0B4140}.Release|Any CPU.Build.0 = Release|Any CPU
		{ED59EE71-3DF1-4B36-BAA7-DF90F28BEAB5}.Debug|Any CPU.ActiveCfg = Debug|Any CPU
		{ED59EE71-3DF1-4B36-BAA7-DF90F28BEAB5}.Debug|Any CPU.Build.0 = Debug|Any CPU
		{ED59EE71-3DF1-4B36-BAA7-DF90F28BEAB5}.Release|Any CPU.ActiveCfg = Release|Any CPU
		{ED59EE71-3DF1-4B36-BAA7-DF90F28BEAB5}.Release|Any CPU.Build.0 = Release|Any CPU
		{F997D830-E599-4D9E-9258-DDEA966CCD61}.Debug|Any CPU.ActiveCfg = Debug|Any CPU
		{F997D830-E599-4D9E-9258-DDEA966CCD61}.Debug|Any CPU.Build.0 = Debug|Any CPU
		{F997D830-E599-4D9E-9258-DDEA966CCD61}.Release|Any CPU.ActiveCfg = Release|Any CPU
		{F997D830-E599-4D9E-9258-DDEA966CCD61}.Release|Any CPU.Build.0 = Release|Any CPU
		{4D1F10B8-7258-402D-912E-1BD8B4F94DCE}.Debug|Any CPU.ActiveCfg = Debug|Any CPU
		{4D1F10B8-7258-402D-912E-1BD8B4F94DCE}.Debug|Any CPU.Build.0 = Debug|Any CPU
		{4D1F10B8-7258-402D-912E-1BD8B4F94DCE}.Release|Any CPU.ActiveCfg = Release|Any CPU
		{4D1F10B8-7258-402D-912E-1BD8B4F94DCE}.Release|Any CPU.Build.0 = Release|Any CPU
		{9BD40C56-3CED-4AF9-91CB-377AF7A07958}.Debug|Any CPU.ActiveCfg = Debug|Any CPU
		{9BD40C56-3CED-4AF9-91CB-377AF7A07958}.Debug|Any CPU.Build.0 = Debug|Any CPU
		{9BD40C56-3CED-4AF9-91CB-377AF7A07958}.Release|Any CPU.ActiveCfg = Release|Any CPU
		{9BD40C56-3CED-4AF9-91CB-377AF7A07958}.Release|Any CPU.Build.0 = Release|Any CPU
		{CC7DB631-B0A5-4966-91A7-7BEAD8499D56}.Debug|Any CPU.ActiveCfg = Debug|Any CPU
		{CC7DB631-B0A5-4966-91A7-7BEAD8499D56}.Debug|Any CPU.Build.0 = Debug|Any CPU
		{CC7DB631-B0A5-4966-91A7-7BEAD8499D56}.Release|Any CPU.ActiveCfg = Release|Any CPU
		{CC7DB631-B0A5-4966-91A7-7BEAD8499D56}.Release|Any CPU.Build.0 = Release|Any CPU
		{8CD9033C-C3D7-47BD-ADE0-D64B58342BED}.Debug|Any CPU.ActiveCfg = Debug|Any CPU
		{8CD9033C-C3D7-47BD-ADE0-D64B58342BED}.Debug|Any CPU.Build.0 = Debug|Any CPU
		{8CD9033C-C3D7-47BD-ADE0-D64B58342BED}.Release|Any CPU.ActiveCfg = Release|Any CPU
		{8CD9033C-C3D7-47BD-ADE0-D64B58342BED}.Release|Any CPU.Build.0 = Release|Any CPU
		{BE54451C-8EF2-46A8-BD70-F6C042F1D8AA}.Debug|Any CPU.ActiveCfg = Debug|Any CPU
		{BE54451C-8EF2-46A8-BD70-F6C042F1D8AA}.Debug|Any CPU.Build.0 = Debug|Any CPU
		{BE54451C-8EF2-46A8-BD70-F6C042F1D8AA}.Release|Any CPU.ActiveCfg = Release|Any CPU
		{BE54451C-8EF2-46A8-BD70-F6C042F1D8AA}.Release|Any CPU.Build.0 = Release|Any CPU
		{FBD25163-E399-4FD8-8B7F-8DC61F870433}.Debug|Any CPU.ActiveCfg = Debug|Any CPU
		{FBD25163-E399-4FD8-8B7F-8DC61F870433}.Debug|Any CPU.Build.0 = Debug|Any CPU
		{FBD25163-E399-4FD8-8B7F-8DC61F870433}.Release|Any CPU.ActiveCfg = Release|Any CPU
		{FBD25163-E399-4FD8-8B7F-8DC61F870433}.Release|Any CPU.Build.0 = Release|Any CPU
		{4B481693-4167-41B1-BDC3-A5E9853E7C49}.Debug|Any CPU.ActiveCfg = Debug|Any CPU
		{4B481693-4167-41B1-BDC3-A5E9853E7C49}.Debug|Any CPU.Build.0 = Debug|Any CPU
		{4B481693-4167-41B1-BDC3-A5E9853E7C49}.Release|Any CPU.ActiveCfg = Release|Any CPU
		{4B481693-4167-41B1-BDC3-A5E9853E7C49}.Release|Any CPU.Build.0 = Release|Any CPU
		{B03CE385-5B74-43BD-8FED-03F52DCCA345}.Debug|Any CPU.ActiveCfg = Debug|Any CPU
		{B03CE385-5B74-43BD-8FED-03F52DCCA345}.Debug|Any CPU.Build.0 = Debug|Any CPU
		{B03CE385-5B74-43BD-8FED-03F52DCCA345}.Release|Any CPU.ActiveCfg = Release|Any CPU
		{B03CE385-5B74-43BD-8FED-03F52DCCA345}.Release|Any CPU.Build.0 = Release|Any CPU
		{B2F1C83E-473A-46C4-A7E5-8EF56BF559AA}.Debug|Any CPU.ActiveCfg = Debug|Any CPU
		{B2F1C83E-473A-46C4-A7E5-8EF56BF559AA}.Debug|Any CPU.Build.0 = Debug|Any CPU
		{B2F1C83E-473A-46C4-A7E5-8EF56BF559AA}.Release|Any CPU.ActiveCfg = Release|Any CPU
		{B2F1C83E-473A-46C4-A7E5-8EF56BF559AA}.Release|Any CPU.Build.0 = Release|Any CPU
		{04AE522A-F041-4CF9-9877-492A3AC77A67}.Debug|Any CPU.ActiveCfg = Debug|Any CPU
		{04AE522A-F041-4CF9-9877-492A3AC77A67}.Debug|Any CPU.Build.0 = Debug|Any CPU
		{04AE522A-F041-4CF9-9877-492A3AC77A67}.Release|Any CPU.ActiveCfg = Release|Any CPU
		{04AE522A-F041-4CF9-9877-492A3AC77A67}.Release|Any CPU.Build.0 = Release|Any CPU
		{501EE837-4D9E-4A5D-9B11-149169B0A978}.Debug|Any CPU.ActiveCfg = Debug|Any CPU
		{501EE837-4D9E-4A5D-9B11-149169B0A978}.Debug|Any CPU.Build.0 = Debug|Any CPU
		{501EE837-4D9E-4A5D-9B11-149169B0A978}.Release|Any CPU.ActiveCfg = Release|Any CPU
		{501EE837-4D9E-4A5D-9B11-149169B0A978}.Release|Any CPU.Build.0 = Release|Any CPU
		{BF217A29-318F-4A40-9DF7-F8FC532FB101}.Debug|Any CPU.ActiveCfg = Debug|Any CPU
		{BF217A29-318F-4A40-9DF7-F8FC532FB101}.Debug|Any CPU.Build.0 = Debug|Any CPU
		{BF217A29-318F-4A40-9DF7-F8FC532FB101}.Release|Any CPU.ActiveCfg = Release|Any CPU
		{BF217A29-318F-4A40-9DF7-F8FC532FB101}.Release|Any CPU.Build.0 = Release|Any CPU
		{1E63F2CD-F33F-401E-8940-2A0A9BE9254C}.Debug|Any CPU.ActiveCfg = Debug|Any CPU
		{1E63F2CD-F33F-401E-8940-2A0A9BE9254C}.Debug|Any CPU.Build.0 = Debug|Any CPU
		{1E63F2CD-F33F-401E-8940-2A0A9BE9254C}.Release|Any CPU.ActiveCfg = Release|Any CPU
		{1E63F2CD-F33F-401E-8940-2A0A9BE9254C}.Release|Any CPU.Build.0 = Release|Any CPU
		{EA787D03-72D1-4B16-B6EC-7E4C5591D5F7}.Debug|Any CPU.ActiveCfg = Debug|Any CPU
		{EA787D03-72D1-4B16-B6EC-7E4C5591D5F7}.Debug|Any CPU.Build.0 = Debug|Any CPU
		{EA787D03-72D1-4B16-B6EC-7E4C5591D5F7}.Release|Any CPU.ActiveCfg = Release|Any CPU
		{EA787D03-72D1-4B16-B6EC-7E4C5591D5F7}.Release|Any CPU.Build.0 = Release|Any CPU
		{32F008BB-4BE9-4514-B05D-9F2165EFEE2A}.Debug|Any CPU.ActiveCfg = Debug|Any CPU
		{32F008BB-4BE9-4514-B05D-9F2165EFEE2A}.Debug|Any CPU.Build.0 = Debug|Any CPU
		{32F008BB-4BE9-4514-B05D-9F2165EFEE2A}.Release|Any CPU.ActiveCfg = Release|Any CPU
		{32F008BB-4BE9-4514-B05D-9F2165EFEE2A}.Release|Any CPU.Build.0 = Release|Any CPU
		{D7761A2B-C791-4208-88C5-60084EA87655}.Debug|Any CPU.ActiveCfg = Debug|Any CPU
		{D7761A2B-C791-4208-88C5-60084EA87655}.Debug|Any CPU.Build.0 = Debug|Any CPU
		{D7761A2B-C791-4208-88C5-60084EA87655}.Release|Any CPU.ActiveCfg = Release|Any CPU
		{D7761A2B-C791-4208-88C5-60084EA87655}.Release|Any CPU.Build.0 = Release|Any CPU
		{D4ECA924-44A9-4F5D-810F-FA2153B0529F}.Debug|Any CPU.ActiveCfg = Debug|Any CPU
		{D4ECA924-44A9-4F5D-810F-FA2153B0529F}.Debug|Any CPU.Build.0 = Debug|Any CPU
		{D4ECA924-44A9-4F5D-810F-FA2153B0529F}.Release|Any CPU.ActiveCfg = Release|Any CPU
		{D4ECA924-44A9-4F5D-810F-FA2153B0529F}.Release|Any CPU.Build.0 = Release|Any CPU
		{A27344CC-6E04-4DCB-93A5-1C5B7848F0F2}.Debug|Any CPU.ActiveCfg = Debug|Any CPU
		{A27344CC-6E04-4DCB-93A5-1C5B7848F0F2}.Debug|Any CPU.Build.0 = Debug|Any CPU
		{A27344CC-6E04-4DCB-93A5-1C5B7848F0F2}.Release|Any CPU.ActiveCfg = Release|Any CPU
		{A27344CC-6E04-4DCB-93A5-1C5B7848F0F2}.Release|Any CPU.Build.0 = Release|Any CPU
		{8E46A9A3-DF1C-4054-B009-3EB8998C0912}.Debug|Any CPU.ActiveCfg = Debug|Any CPU
		{8E46A9A3-DF1C-4054-B009-3EB8998C0912}.Debug|Any CPU.Build.0 = Debug|Any CPU
		{8E46A9A3-DF1C-4054-B009-3EB8998C0912}.Release|Any CPU.ActiveCfg = Release|Any CPU
		{8E46A9A3-DF1C-4054-B009-3EB8998C0912}.Release|Any CPU.Build.0 = Release|Any CPU
		{BB601A91-5A05-48E4-BCFD-027316906A72}.Debug|Any CPU.ActiveCfg = Debug|Any CPU
		{BB601A91-5A05-48E4-BCFD-027316906A72}.Debug|Any CPU.Build.0 = Debug|Any CPU
		{BB601A91-5A05-48E4-BCFD-027316906A72}.Release|Any CPU.ActiveCfg = Release|Any CPU
		{BB601A91-5A05-48E4-BCFD-027316906A72}.Release|Any CPU.Build.0 = Release|Any CPU
		{F2BE13C6-0863-4E2F-BFD1-AE6AFE4AA9A2}.Debug|Any CPU.ActiveCfg = Debug|Any CPU
		{F2BE13C6-0863-4E2F-BFD1-AE6AFE4AA9A2}.Debug|Any CPU.Build.0 = Debug|Any CPU
		{F2BE13C6-0863-4E2F-BFD1-AE6AFE4AA9A2}.Release|Any CPU.ActiveCfg = Release|Any CPU
		{F2BE13C6-0863-4E2F-BFD1-AE6AFE4AA9A2}.Release|Any CPU.Build.0 = Release|Any CPU
		{2BFAB275-3CE9-4AA1-9984-9714874C95B4}.Debug|Any CPU.ActiveCfg = Debug|Any CPU
		{2BFAB275-3CE9-4AA1-9984-9714874C95B4}.Debug|Any CPU.Build.0 = Debug|Any CPU
		{2BFAB275-3CE9-4AA1-9984-9714874C95B4}.Release|Any CPU.ActiveCfg = Release|Any CPU
		{2BFAB275-3CE9-4AA1-9984-9714874C95B4}.Release|Any CPU.Build.0 = Release|Any CPU
		{3DA8DD75-8583-491A-B2D8-E2E7C2B9DDE1}.Debug|Any CPU.ActiveCfg = Debug|Any CPU
		{3DA8DD75-8583-491A-B2D8-E2E7C2B9DDE1}.Debug|Any CPU.Build.0 = Debug|Any CPU
		{3DA8DD75-8583-491A-B2D8-E2E7C2B9DDE1}.Release|Any CPU.ActiveCfg = Release|Any CPU
		{3DA8DD75-8583-491A-B2D8-E2E7C2B9DDE1}.Release|Any CPU.Build.0 = Release|Any CPU
		{D91552DF-1E28-4CE4-BCC9-713EA233DC7F}.Debug|Any CPU.ActiveCfg = Debug|Any CPU
		{D91552DF-1E28-4CE4-BCC9-713EA233DC7F}.Debug|Any CPU.Build.0 = Debug|Any CPU
		{D91552DF-1E28-4CE4-BCC9-713EA233DC7F}.Release|Any CPU.ActiveCfg = Release|Any CPU
		{D91552DF-1E28-4CE4-BCC9-713EA233DC7F}.Release|Any CPU.Build.0 = Release|Any CPU
		{52EA42C4-B94E-4079-A071-9851D9F44B12}.Debug|Any CPU.ActiveCfg = Debug|Any CPU
		{52EA42C4-B94E-4079-A071-9851D9F44B12}.Debug|Any CPU.Build.0 = Debug|Any CPU
		{52EA42C4-B94E-4079-A071-9851D9F44B12}.Release|Any CPU.ActiveCfg = Release|Any CPU
		{52EA42C4-B94E-4079-A071-9851D9F44B12}.Release|Any CPU.Build.0 = Release|Any CPU
		{56386E1C-F3B4-412B-A67C-5B15FD936C75}.Debug|Any CPU.ActiveCfg = Debug|Any CPU
		{56386E1C-F3B4-412B-A67C-5B15FD936C75}.Debug|Any CPU.Build.0 = Debug|Any CPU
		{56386E1C-F3B4-412B-A67C-5B15FD936C75}.Release|Any CPU.ActiveCfg = Release|Any CPU
		{56386E1C-F3B4-412B-A67C-5B15FD936C75}.Release|Any CPU.Build.0 = Release|Any CPU
	EndGlobalSection
	GlobalSection(SolutionProperties) = preSolution
		HideSolutionNode = FALSE
	EndGlobalSection
	GlobalSection(NestedProjects) = preSolution
		{4AECE3C0-FAC1-4FD0-85EE-1C577DEE9161} = {C1A37168-D637-4EF3-868A-B602615B618C}
		{35013DF3-E793-4AAA-99C1-104446E1398F} = {4AECE3C0-FAC1-4FD0-85EE-1C577DEE9161}
		{94A59E2C-110F-47A0-8521-231BAA0F651B} = {C1A37168-D637-4EF3-868A-B602615B618C}
		{8A5DD699-6F49-4127-82D9-27C150CA5DAD} = {94A59E2C-110F-47A0-8521-231BAA0F651B}
		{36B4F3D0-1D06-444D-B021-B86937834FB1} = {94A59E2C-110F-47A0-8521-231BAA0F651B}
		{5502866C-830D-4F7C-8235-6CB15E0ABF91} = {94A59E2C-110F-47A0-8521-231BAA0F651B}
		{7004004C-6B1B-4839-983D-ED78F9A5EFB0} = {94A59E2C-110F-47A0-8521-231BAA0F651B}
		{01315C47-9491-4E88-91C5-5A6D2D1D9AC8} = {C1A37168-D637-4EF3-868A-B602615B618C}
		{088D65AF-B576-4F8E-98BF-8F7CFF0B4140} = {01315C47-9491-4E88-91C5-5A6D2D1D9AC8}
		{ED59EE71-3DF1-4B36-BAA7-DF90F28BEAB5} = {01315C47-9491-4E88-91C5-5A6D2D1D9AC8}
		{F997D830-E599-4D9E-9258-DDEA966CCD61} = {01315C47-9491-4E88-91C5-5A6D2D1D9AC8}
		{4D1F10B8-7258-402D-912E-1BD8B4F94DCE} = {01315C47-9491-4E88-91C5-5A6D2D1D9AC8}
		{5F8AAB97-0BC8-48C3-B725-04B70FB097FF} = {C1A37168-D637-4EF3-868A-B602615B618C}
		{9BD40C56-3CED-4AF9-91CB-377AF7A07958} = {5F8AAB97-0BC8-48C3-B725-04B70FB097FF}
		{CC7DB631-B0A5-4966-91A7-7BEAD8499D56} = {5F8AAB97-0BC8-48C3-B725-04B70FB097FF}
		{8CD9033C-C3D7-47BD-ADE0-D64B58342BED} = {5F8AAB97-0BC8-48C3-B725-04B70FB097FF}
		{BE54451C-8EF2-46A8-BD70-F6C042F1D8AA} = {5F8AAB97-0BC8-48C3-B725-04B70FB097FF}
		{BC483D78-CFF8-4CDF-8316-B42C0A31D429} = {C1A37168-D637-4EF3-868A-B602615B618C}
		{FBD25163-E399-4FD8-8B7F-8DC61F870433} = {BC483D78-CFF8-4CDF-8316-B42C0A31D429}
		{4B481693-4167-41B1-BDC3-A5E9853E7C49} = {BC483D78-CFF8-4CDF-8316-B42C0A31D429}
		{B03CE385-5B74-43BD-8FED-03F52DCCA345} = {BC483D78-CFF8-4CDF-8316-B42C0A31D429}
		{B2F1C83E-473A-46C4-A7E5-8EF56BF559AA} = {BC483D78-CFF8-4CDF-8316-B42C0A31D429}
		{5EA1048C-0A5C-43BD-94B2-328AB6300745} = {C1A37168-D637-4EF3-868A-B602615B618C}
		{04AE522A-F041-4CF9-9877-492A3AC77A67} = {5EA1048C-0A5C-43BD-94B2-328AB6300745}
		{A9BCC407-97CC-4FAC-8F23-91BA6C1FAA98} = {C1A37168-D637-4EF3-868A-B602615B618C}
		{501EE837-4D9E-4A5D-9B11-149169B0A978} = {A9BCC407-97CC-4FAC-8F23-91BA6C1FAA98}
		{BF217A29-318F-4A40-9DF7-F8FC532FB101} = {A9BCC407-97CC-4FAC-8F23-91BA6C1FAA98}
		{1E63F2CD-F33F-401E-8940-2A0A9BE9254C} = {A9BCC407-97CC-4FAC-8F23-91BA6C1FAA98}
		{EA787D03-72D1-4B16-B6EC-7E4C5591D5F7} = {A9BCC407-97CC-4FAC-8F23-91BA6C1FAA98}
		{58F62FA2-38C2-4EE4-831C-A32F497F7B34} = {C1A37168-D637-4EF3-868A-B602615B618C}
		{32F008BB-4BE9-4514-B05D-9F2165EFEE2A} = {58F62FA2-38C2-4EE4-831C-A32F497F7B34}
		{D7761A2B-C791-4208-88C5-60084EA87655} = {58F62FA2-38C2-4EE4-831C-A32F497F7B34}
		{D4ECA924-44A9-4F5D-810F-FA2153B0529F} = {58F62FA2-38C2-4EE4-831C-A32F497F7B34}
		{A27344CC-6E04-4DCB-93A5-1C5B7848F0F2} = {58F62FA2-38C2-4EE4-831C-A32F497F7B34}
		{8E46A9A3-DF1C-4054-B009-3EB8998C0912} = {9311214A-75D4-4CB6-A45D-A96069988473}
		{BB601A91-5A05-48E4-BCFD-027316906A72} = {9311214A-75D4-4CB6-A45D-A96069988473}
		{F2BE13C6-0863-4E2F-BFD1-AE6AFE4AA9A2} = {9311214A-75D4-4CB6-A45D-A96069988473}
		{2BFAB275-3CE9-4AA1-9984-9714874C95B4} = {9311214A-75D4-4CB6-A45D-A96069988473}
		{3DA8DD75-8583-491A-B2D8-E2E7C2B9DDE1} = {9311214A-75D4-4CB6-A45D-A96069988473}
		{D91552DF-1E28-4CE4-BCC9-713EA233DC7F} = {9311214A-75D4-4CB6-A45D-A96069988473}
		{52EA42C4-B94E-4079-A071-9851D9F44B12} = {9311214A-75D4-4CB6-A45D-A96069988473}
		{56386E1C-F3B4-412B-A67C-5B15FD936C75} = {9311214A-75D4-4CB6-A45D-A96069988473}
	EndGlobalSection
	GlobalSection(ExtensibilityGlobals) = postSolution
		SolutionGuid = {4E8D072B-281B-49AF-978E-1AFD3908F515}
	EndGlobalSection
EndGlobal
